// !$*UTF8*$!
{
	archiveVersion = 1;
	classes = {
	};
	objectVersion = 50;
	objects = {

/* Begin PBXBuildFile section */
		E42E7FEB23CCBFD30086535B /* DataPersistant.swift in Sources */ = {isa = PBXBuildFile; fileRef = E42E7FEA23CCBFD30086535B /* DataPersistant.swift */; };
		E44F750323CAFE3A0053B6E0 /* PhotoCollectionViewCell.swift in Sources */ = {isa = PBXBuildFile; fileRef = E44F750223CAFE3A0053B6E0 /* PhotoCollectionViewCell.swift */; };
		E4676A7323CC473200718256 /* FavoriteViewModel.swift in Sources */ = {isa = PBXBuildFile; fileRef = E4676A7223CC473200718256 /* FavoriteViewModel.swift */; };
		E4D6A97923C9C72F008FFCDC /* AppDelegate.swift in Sources */ = {isa = PBXBuildFile; fileRef = E4D6A97823C9C72F008FFCDC /* AppDelegate.swift */; };
		E4D6A97B23C9C72F008FFCDC /* SceneDelegate.swift in Sources */ = {isa = PBXBuildFile; fileRef = E4D6A97A23C9C72F008FFCDC /* SceneDelegate.swift */; };
		E4D6A97D23C9C72F008FFCDC /* ViewController.swift in Sources */ = {isa = PBXBuildFile; fileRef = E4D6A97C23C9C72F008FFCDC /* ViewController.swift */; };
		E4D6A98023C9C72F008FFCDC /* Main.storyboard in Resources */ = {isa = PBXBuildFile; fileRef = E4D6A97E23C9C72F008FFCDC /* Main.storyboard */; };
		E4D6A98223C9C731008FFCDC /* Assets.xcassets in Resources */ = {isa = PBXBuildFile; fileRef = E4D6A98123C9C731008FFCDC /* Assets.xcassets */; };
		E4D6A98523C9C731008FFCDC /* LaunchScreen.storyboard in Resources */ = {isa = PBXBuildFile; fileRef = E4D6A98323C9C731008FFCDC /* LaunchScreen.storyboard */; };
		E4D6A98D23C9CC3C008FFCDC /* CustomButton.swift in Sources */ = {isa = PBXBuildFile; fileRef = E4D6A98C23C9CC3C008FFCDC /* CustomButton.swift */; };
		E4D6A98F23C9D3C4008FFCDC /* PhotosSearchViewModel.swift in Sources */ = {isa = PBXBuildFile; fileRef = E4D6A98E23C9D3C4008FFCDC /* PhotosSearchViewModel.swift */; };
		E4D6A99123C9D987008FFCDC /* PhotosSearchModel.swift in Sources */ = {isa = PBXBuildFile; fileRef = E4D6A99023C9D987008FFCDC /* PhotosSearchModel.swift */; };
		E4D6A99323C9DC1C008FFCDC /* PhotosSearchViewController.swift in Sources */ = {isa = PBXBuildFile; fileRef = E4D6A99223C9DC1C008FFCDC /* PhotosSearchViewController.swift */; };
		E4D6A99523C9FC17008FFCDC /* TabBarViewController.swift in Sources */ = {isa = PBXBuildFile; fileRef = E4D6A99423C9FC17008FFCDC /* TabBarViewController.swift */; };
		E4D6A99723C9FE76008FFCDC /* FavoriteViewController.swift in Sources */ = {isa = PBXBuildFile; fileRef = E4D6A99623C9FE76008FFCDC /* FavoriteViewController.swift */; };
/* End PBXBuildFile section */

/* Begin PBXFileReference section */
		E42E7FEA23CCBFD30086535B /* DataPersistant.swift */ = {isa = PBXFileReference; lastKnownFileType = sourcecode.swift; path = DataPersistant.swift; sourceTree = "<group>"; };
		E44F750223CAFE3A0053B6E0 /* PhotoCollectionViewCell.swift */ = {isa = PBXFileReference; lastKnownFileType = sourcecode.swift; path = PhotoCollectionViewCell.swift; sourceTree = "<group>"; };
		E4676A7223CC473200718256 /* FavoriteViewModel.swift */ = {isa = PBXFileReference; lastKnownFileType = sourcecode.swift; path = FavoriteViewModel.swift; sourceTree = "<group>"; };
		E4D6A97523C9C72F008FFCDC /* FlickrPhotosSearch.app */ = {isa = PBXFileReference; explicitFileType = wrapper.application; includeInIndex = 0; path = FlickrPhotosSearch.app; sourceTree = BUILT_PRODUCTS_DIR; };
		E4D6A97823C9C72F008FFCDC /* AppDelegate.swift */ = {isa = PBXFileReference; lastKnownFileType = sourcecode.swift; path = AppDelegate.swift; sourceTree = "<group>"; };
		E4D6A97A23C9C72F008FFCDC /* SceneDelegate.swift */ = {isa = PBXFileReference; lastKnownFileType = sourcecode.swift; path = SceneDelegate.swift; sourceTree = "<group>"; };
		E4D6A97C23C9C72F008FFCDC /* ViewController.swift */ = {isa = PBXFileReference; lastKnownFileType = sourcecode.swift; path = ViewController.swift; sourceTree = "<group>"; };
		E4D6A97F23C9C72F008FFCDC /* Base */ = {isa = PBXFileReference; lastKnownFileType = file.storyboard; name = Base; path = Base.lproj/Main.storyboard; sourceTree = "<group>"; };
		E4D6A98123C9C731008FFCDC /* Assets.xcassets */ = {isa = PBXFileReference; lastKnownFileType = folder.assetcatalog; path = Assets.xcassets; sourceTree = "<group>"; };
		E4D6A98423C9C731008FFCDC /* Base */ = {isa = PBXFileReference; lastKnownFileType = file.storyboard; name = Base; path = Base.lproj/LaunchScreen.storyboard; sourceTree = "<group>"; };
		E4D6A98623C9C731008FFCDC /* Info.plist */ = {isa = PBXFileReference; lastKnownFileType = text.plist.xml; path = Info.plist; sourceTree = "<group>"; };
		E4D6A98C23C9CC3C008FFCDC /* CustomButton.swift */ = {isa = PBXFileReference; lastKnownFileType = sourcecode.swift; path = CustomButton.swift; sourceTree = "<group>"; };
		E4D6A98E23C9D3C4008FFCDC /* PhotosSearchViewModel.swift */ = {isa = PBXFileReference; lastKnownFileType = sourcecode.swift; path = PhotosSearchViewModel.swift; sourceTree = "<group>"; };
		E4D6A99023C9D987008FFCDC /* PhotosSearchModel.swift */ = {isa = PBXFileReference; lastKnownFileType = sourcecode.swift; path = PhotosSearchModel.swift; sourceTree = "<group>"; };
		E4D6A99223C9DC1C008FFCDC /* PhotosSearchViewController.swift */ = {isa = PBXFileReference; lastKnownFileType = sourcecode.swift; path = PhotosSearchViewController.swift; sourceTree = "<group>"; };
		E4D6A99423C9FC17008FFCDC /* TabBarViewController.swift */ = {isa = PBXFileReference; lastKnownFileType = sourcecode.swift; path = TabBarViewController.swift; sourceTree = "<group>"; };
		E4D6A99623C9FE76008FFCDC /* FavoriteViewController.swift */ = {isa = PBXFileReference; lastKnownFileType = sourcecode.swift; path = FavoriteViewController.swift; sourceTree = "<group>"; };
/* End PBXFileReference section */

/* Begin PBXFrameworksBuildPhase section */
		E4D6A97223C9C72F008FFCDC /* Frameworks */ = {
			isa = PBXFrameworksBuildPhase;
			buildActionMask = 2147483647;
			files = (
			);
			runOnlyForDeploymentPostprocessing = 0;
		};
/* End PBXFrameworksBuildPhase section */

/* Begin PBXGroup section */
		E4676A7423CC5F8600718256 /* FavoriteViewController */ = {
			isa = PBXGroup;
			children = (
				E4D6A99623C9FE76008FFCDC /* FavoriteViewController.swift */,
				E4676A7223CC473200718256 /* FavoriteViewModel.swift */,
			);
			path = FavoriteViewController;
			sourceTree = "<group>";
		};
		E4D6A96C23C9C72F008FFCDC = {
			isa = PBXGroup;
			children = (
				E4D6A97723C9C72F008FFCDC /* flickrPhotosSearch */,
				E4D6A97623C9C72F008FFCDC /* Products */,
			);
			sourceTree = "<group>";
		};
		E4D6A97623C9C72F008FFCDC /* Products */ = {
			isa = PBXGroup;
			children = (
				E4D6A97523C9C72F008FFCDC /* FlickrPhotosSearch.app */,
			);
			name = Products;
			sourceTree = "<group>";
		};
		E4D6A97723C9C72F008FFCDC /* flickrPhotosSearch */ = {
			isa = PBXGroup;
			children = (
				E4D6A97823C9C72F008FFCDC /* AppDelegate.swift */,
				E4D6A97A23C9C72F008FFCDC /* SceneDelegate.swift */,
				E4D6A97C23C9C72F008FFCDC /* ViewController.swift */,
				E4D6A99423C9FC17008FFCDC /* TabBarViewController.swift */,
				E4D6A99823CAFD07008FFCDC /* PhotosSearchResultViewController */,
				E4676A7423CC5F8600718256 /* FavoriteViewController */,
				E44F750223CAFE3A0053B6E0 /* PhotoCollectionViewCell.swift */,
				E4D6A98C23C9CC3C008FFCDC /* CustomButton.swift */,
				E42E7FEA23CCBFD30086535B /* DataPersistant.swift */,
				E4D6A97E23C9C72F008FFCDC /* Main.storyboard */,
				E4D6A98123C9C731008FFCDC /* Assets.xcassets */,
				E4D6A98323C9C731008FFCDC /* LaunchScreen.storyboard */,
				E4D6A98623C9C731008FFCDC /* Info.plist */,
			);
			path = flickrPhotosSearch;
			sourceTree = "<group>";
		};
		E4D6A99823CAFD07008FFCDC /* PhotosSearchResultViewController */ = {
			isa = PBXGroup;
			children = (
				E4D6A99223C9DC1C008FFCDC /* PhotosSearchViewController.swift */,
				E4D6A98E23C9D3C4008FFCDC /* PhotosSearchViewModel.swift */,
				E4D6A99023C9D987008FFCDC /* PhotosSearchModel.swift */,
			);
			path = PhotosSearchResultViewController;
			sourceTree = "<group>";
		};
/* End PBXGroup section */

/* Begin PBXNativeTarget section */
		E4D6A97423C9C72F008FFCDC /* flickrPhotosSearch */ = {
			isa = PBXNativeTarget;
			buildConfigurationList = E4D6A98923C9C731008FFCDC /* Build configuration list for PBXNativeTarget "flickrPhotosSearch" */;
			buildPhases = (
				E4D6A97123C9C72F008FFCDC /* Sources */,
				E4D6A97223C9C72F008FFCDC /* Frameworks */,
				E4D6A97323C9C72F008FFCDC /* Resources */,
			);
			buildRules = (
			);
			dependencies = (
			);
			name = flickrPhotosSearch;
			productName = flickrPhotosSearch;
			productReference = E4D6A97523C9C72F008FFCDC /* FlickrPhotosSearch.app */;
			productType = "com.apple.product-type.application";
		};
/* End PBXNativeTarget section */

/* Begin PBXProject section */
		E4D6A96D23C9C72F008FFCDC /* Project object */ = {
			isa = PBXProject;
			attributes = {
				LastSwiftUpdateCheck = 1130;
				LastUpgradeCheck = 1130;
				ORGANIZATIONNAME = YvesChen;
				TargetAttributes = {
					E4D6A97423C9C72F008FFCDC = {
						CreatedOnToolsVersion = 11.3;
					};
				};
			};
			buildConfigurationList = E4D6A97023C9C72F008FFCDC /* Build configuration list for PBXProject "flickrPhotosSearch" */;
			compatibilityVersion = "Xcode 9.3";
			developmentRegion = en;
			hasScannedForEncodings = 0;
			knownRegions = (
				en,
				Base,
			);
			mainGroup = E4D6A96C23C9C72F008FFCDC;
			productRefGroup = E4D6A97623C9C72F008FFCDC /* Products */;
			projectDirPath = "";
			projectRoot = "";
			targets = (
				E4D6A97423C9C72F008FFCDC /* flickrPhotosSearch */,
			);
		};
/* End PBXProject section */

/* Begin PBXResourcesBuildPhase section */
		E4D6A97323C9C72F008FFCDC /* Resources */ = {
			isa = PBXResourcesBuildPhase;
			buildActionMask = 2147483647;
			files = (
				E4D6A98523C9C731008FFCDC /* LaunchScreen.storyboard in Resources */,
				E4D6A98223C9C731008FFCDC /* Assets.xcassets in Resources */,
				E4D6A98023C9C72F008FFCDC /* Main.storyboard in Resources */,
			);
			runOnlyForDeploymentPostprocessing = 0;
		};
/* End PBXResourcesBuildPhase section */

/* Begin PBXSourcesBuildPhase section */
		E4D6A97123C9C72F008FFCDC /* Sources */ = {
			isa = PBXSourcesBuildPhase;
			buildActionMask = 2147483647;
			files = (
				E4D6A99523C9FC17008FFCDC /* TabBarViewController.swift in Sources */,
				E4D6A99323C9DC1C008FFCDC /* PhotosSearchViewController.swift in Sources */,
				E42E7FEB23CCBFD30086535B /* DataPersistant.swift in Sources */,
				E4D6A98F23C9D3C4008FFCDC /* PhotosSearchViewModel.swift in Sources */,
				E4D6A98D23C9CC3C008FFCDC /* CustomButton.swift in Sources */,
				E4D6A99723C9FE76008FFCDC /* FavoriteViewController.swift in Sources */,
				E4D6A97D23C9C72F008FFCDC /* ViewController.swift in Sources */,
				E4D6A99123C9D987008FFCDC /* PhotosSearchModel.swift in Sources */,
				E44F750323CAFE3A0053B6E0 /* PhotoCollectionViewCell.swift in Sources */,
				E4D6A97923C9C72F008FFCDC /* AppDelegate.swift in Sources */,
				E4D6A97B23C9C72F008FFCDC /* SceneDelegate.swift in Sources */,
				E4676A7323CC473200718256 /* FavoriteViewModel.swift in Sources */,
			);
			runOnlyForDeploymentPostprocessing = 0;
		};
/* End PBXSourcesBuildPhase section */

/* Begin PBXVariantGroup section */
		E4D6A97E23C9C72F008FFCDC /* Main.storyboard */ = {
			isa = PBXVariantGroup;
			children = (
				E4D6A97F23C9C72F008FFCDC /* Base */,
			);
			name = Main.storyboard;
			sourceTree = "<group>";
		};
		E4D6A98323C9C731008FFCDC /* LaunchScreen.storyboard */ = {
			isa = PBXVariantGroup;
			children = (
				E4D6A98423C9C731008FFCDC /* Base */,
			);
			name = LaunchScreen.storyboard;
			sourceTree = "<group>";
		};
/* End PBXVariantGroup section */

/* Begin XCBuildConfiguration section */
		E4D6A98723C9C731008FFCDC /* Debug */ = {
			isa = XCBuildConfiguration;
			buildSettings = {
				ALWAYS_SEARCH_USER_PATHS = NO;
				CLANG_ANALYZER_NONNULL = YES;
				CLANG_ANALYZER_NUMBER_OBJECT_CONVERSION = YES_AGGRESSIVE;
				CLANG_CXX_LANGUAGE_STANDARD = "gnu++14";
				CLANG_CXX_LIBRARY = "libc++";
				CLANG_ENABLE_MODULES = YES;
				CLANG_ENABLE_OBJC_ARC = YES;
				CLANG_ENABLE_OBJC_WEAK = YES;
				CLANG_WARN_BLOCK_CAPTURE_AUTORELEASING = YES;
				CLANG_WARN_BOOL_CONVERSION = YES;
				CLANG_WARN_COMMA = YES;
				CLANG_WARN_CONSTANT_CONVERSION = YES;
				CLANG_WARN_DEPRECATED_OBJC_IMPLEMENTATIONS = YES;
				CLANG_WARN_DIRECT_OBJC_ISA_USAGE = YES_ERROR;
				CLANG_WARN_DOCUMENTATION_COMMENTS = YES;
				CLANG_WARN_EMPTY_BODY = YES;
				CLANG_WARN_ENUM_CONVERSION = YES;
				CLANG_WARN_INFINITE_RECURSION = YES;
				CLANG_WARN_INT_CONVERSION = YES;
				CLANG_WARN_NON_LITERAL_NULL_CONVERSION = YES;
				CLANG_WARN_OBJC_IMPLICIT_RETAIN_SELF = YES;
				CLANG_WARN_OBJC_LITERAL_CONVERSION = YES;
				CLANG_WARN_OBJC_ROOT_CLASS = YES_ERROR;
				CLANG_WARN_RANGE_LOOP_ANALYSIS = YES;
				CLANG_WARN_STRICT_PROTOTYPES = YES;
				CLANG_WARN_SUSPICIOUS_MOVE = YES;
				CLANG_WARN_UNGUARDED_AVAILABILITY = YES_AGGRESSIVE;
				CLANG_WARN_UNREACHABLE_CODE = YES;
				CLANG_WARN__DUPLICATE_METHOD_MATCH = YES;
				COPY_PHASE_STRIP = NO;
				DEBUG_INFORMATION_FORMAT = dwarf;
				ENABLE_STRICT_OBJC_MSGSEND = YES;
				ENABLE_TESTABILITY = YES;
				GCC_C_LANGUAGE_STANDARD = gnu11;
				GCC_DYNAMIC_NO_PIC = NO;
				GCC_NO_COMMON_BLOCKS = YES;
				GCC_OPTIMIZATION_LEVEL = 0;
				GCC_PREPROCESSOR_DEFINITIONS = (
					"DEBUG=1",
					"$(inherited)",
				);
				GCC_WARN_64_TO_32_BIT_CONVERSION = YES;
				GCC_WARN_ABOUT_RETURN_TYPE = YES_ERROR;
				GCC_WARN_UNDECLARED_SELECTOR = YES;
				GCC_WARN_UNINITIALIZED_AUTOS = YES_AGGRESSIVE;
				GCC_WARN_UNUSED_FUNCTION = YES;
				GCC_WARN_UNUSED_VARIABLE = YES;
				IPHONEOS_DEPLOYMENT_TARGET = 13.2;
				MTL_ENABLE_DEBUG_INFO = INCLUDE_SOURCE;
				MTL_FAST_MATH = YES;
				ONLY_ACTIVE_ARCH = YES;
				SDKROOT = iphoneos;
				SWIFT_ACTIVE_COMPILATION_CONDITIONS = DEBUG;
				SWIFT_OPTIMIZATION_LEVEL = "-Onone";
			};
			name = Debug;
		};
		E4D6A98823C9C731008FFCDC /* Release */ = {
			isa = XCBuildConfiguration;
			buildSettings = {
				ALWAYS_SEARCH_USER_PATHS = NO;
				CLANG_ANALYZER_NONNULL = YES;
				CLANG_ANALYZER_NUMBER_OBJECT_CONVERSION = YES_AGGRESSIVE;
				CLANG_CXX_LANGUAGE_STANDARD = "gnu++14";
				CLANG_CXX_LIBRARY = "libc++";
				CLANG_ENABLE_MODULES = YES;
				CLANG_ENABLE_OBJC_ARC = YES;
				CLANG_ENABLE_OBJC_WEAK = YES;
				CLANG_WARN_BLOCK_CAPTURE_AUTORELEASING = YES;
				CLANG_WARN_BOOL_CONVERSION = YES;
				CLANG_WARN_COMMA = YES;
				CLANG_WARN_CONSTANT_CONVERSION = YES;
				CLANG_WARN_DEPRECATED_OBJC_IMPLEMENTATIONS = YES;
				CLANG_WARN_DIRECT_OBJC_ISA_USAGE = YES_ERROR;
				CLANG_WARN_DOCUMENTATION_COMMENTS = YES;
				CLANG_WARN_EMPTY_BODY = YES;
				CLANG_WARN_ENUM_CONVERSION = YES;
				CLANG_WARN_INFINITE_RECURSION = YES;
				CLANG_WARN_INT_CONVERSION = YES;
				CLANG_WARN_NON_LITERAL_NULL_CONVERSION = YES;
				CLANG_WARN_OBJC_IMPLICIT_RETAIN_SELF = YES;
				CLANG_WARN_OBJC_LITERAL_CONVERSION = YES;
				CLANG_WARN_OBJC_ROOT_CLASS = YES_ERROR;
				CLANG_WARN_RANGE_LOOP_ANALYSIS = YES;
				CLANG_WARN_STRICT_PROTOTYPES = YES;
				CLANG_WARN_SUSPICIOUS_MOVE = YES;
				CLANG_WARN_UNGUARDED_AVAILABILITY = YES_AGGRESSIVE;
				CLANG_WARN_UNREACHABLE_CODE = YES;
				CLANG_WARN__DUPLICATE_METHOD_MATCH = YES;
				COPY_PHASE_STRIP = NO;
				DEBUG_INFORMATION_FORMAT = "dwarf-with-dsym";
				ENABLE_NS_ASSERTIONS = NO;
				ENABLE_STRICT_OBJC_MSGSEND = YES;
				GCC_C_LANGUAGE_STANDARD = gnu11;
				GCC_NO_COMMON_BLOCKS = YES;
				GCC_WARN_64_TO_32_BIT_CONVERSION = YES;
				GCC_WARN_ABOUT_RETURN_TYPE = YES_ERROR;
				GCC_WARN_UNDECLARED_SELECTOR = YES;
				GCC_WARN_UNINITIALIZED_AUTOS = YES_AGGRESSIVE;
				GCC_WARN_UNUSED_FUNCTION = YES;
				GCC_WARN_UNUSED_VARIABLE = YES;
				IPHONEOS_DEPLOYMENT_TARGET = 13.2;
				MTL_ENABLE_DEBUG_INFO = NO;
				MTL_FAST_MATH = YES;
				SDKROOT = iphoneos;
				SWIFT_COMPILATION_MODE = wholemodule;
				SWIFT_OPTIMIZATION_LEVEL = "-O";
				VALIDATE_PRODUCT = YES;
			};
			name = Release;
		};
		E4D6A98A23C9C731008FFCDC /* Debug */ = {
			isa = XCBuildConfiguration;
			buildSettings = {
				ASSETCATALOG_COMPILER_APPICON_NAME = AppIcon;
				CODE_SIGN_STYLE = Automatic;
				DEVELOPMENT_TEAM = L3AK986T33;
				INFOPLIST_FILE = flickrPhotosSearch/Info.plist;
				LD_RUNPATH_SEARCH_PATHS = (
					"$(inherited)",
					"@executable_path/Frameworks",
				);
				PRODUCT_BUNDLE_IDENTIFIER = Yves.Homework.FlickrPhotosSearch;
				PRODUCT_NAME = FlickrPhotosSearch;
				SWIFT_VERSION = 5.0;
				TARGETED_DEVICE_FAMILY = "1,2";
			};
			name = Debug;
		};
		E4D6A98B23C9C731008FFCDC /* Release */ = {
			isa = XCBuildConfiguration;
			buildSettings = {
				ASSETCATALOG_COMPILER_APPICON_NAME = AppIcon;
				CODE_SIGN_STYLE = Automatic;
				DEVELOPMENT_TEAM = L3AK986T33;
				INFOPLIST_FILE = flickrPhotosSearch/Info.plist;
				LD_RUNPATH_SEARCH_PATHS = (
					"$(inherited)",
					"@executable_path/Frameworks",
				);
				PRODUCT_BUNDLE_IDENTIFIER = Yves.Homework.FlickrPhotosSearch;
				PRODUCT_NAME = FlickrPhotosSearch;
				SWIFT_VERSION = 5.0;
				TARGETED_DEVICE_FAMILY = "1,2";
			};
			name = Release;
		};
/* End XCBuildConfiguration section */

/* Begin XCConfigurationList section */
		E4D6A97023C9C72F008FFCDC /* Build configuration list for PBXProject "flickrPhotosSearch" */ = {
			isa = XCConfigurationList;
			buildConfigurations = (
				E4D6A98723C9C731008FFCDC /* Debug */,
				E4D6A98823C9C731008FFCDC /* Release */,
			);
			defaultConfigurationIsVisible = 0;
			defaultConfigurationName = Release;
		};
		E4D6A98923C9C731008FFCDC /* Build configuration list for PBXNativeTarget "flickrPhotosSearch" */ = {
			isa = XCConfigurationList;
			buildConfigurations = (
				E4D6A98A23C9C731008FFCDC /* Debug */,
				E4D6A98B23C9C731008FFCDC /* Release */,
			);
			defaultConfigurationIsVisible = 0;
			defaultConfigurationName = Release;
		};
/* End XCConfigurationList section */
	};
	rootObject = E4D6A96D23C9C72F008FFCDC /* Project object */;
}
